
Microsoft Visual Studio Solution File, Format Version 12.00
# Visual Studio Version 16
VisualStudioVersion = 16.0.30717.126
MinimumVisualStudioVersion = 10.0.40219.1
Project("{9A19103F-16F7-4668-BE54-9A1E7A4F7556}") = "RateComparer", "RateComparer\RateComparer.csproj", "{2147FA54-5CB0-4539-9D36-A9360A05C1F4}"
EndProject
Project("{9A19103F-16F7-4668-BE54-9A1E7A4F7556}") = "AbcInsuranceWebApi", "AbcInsuranceWebApi\AbcInsuranceWebApi.csproj", "{73F09CB7-EBBB-4157-8826-870A5D7AFFC7}"
EndProject
Project("{9A19103F-16F7-4668-BE54-9A1E7A4F7556}") = "AbcInsuranceProxy", "AbcInsuranceProxy\AbcInsuranceProxy.csproj", "{00AE4EFC-E488-4099-96A5-2E22FEB35AE2}"
EndProject
Project("{9A19103F-16F7-4668-BE54-9A1E7A4F7556}") = "AppConfig", "AppConfigReader\AppConfig.csproj", "{3D48E451-2A09-45DB-B235-158B39CE43E1}"
EndProject
Global
	GlobalSection(SolutionConfigurationPlatforms) = preSolution
		Debug|Any CPU = Debug|Any CPU
		Release|Any CPU = Release|Any CPU
	EndGlobalSection
	GlobalSection(ProjectConfigurationPlatforms) = postSolution
		{2147FA54-5CB0-4539-9D36-A9360A05C1F4}.Debug|Any CPU.ActiveCfg = Debug|Any CPU
		{2147FA54-5CB0-4539-9D36-A9360A05C1F4}.Debug|Any CPU.Build.0 = Debug|Any CPU
		{2147FA54-5CB0-4539-9D36-A9360A05C1F4}.Release|Any CPU.ActiveCfg = Release|Any CPU
		{2147FA54-5CB0-4539-9D36-A9360A05C1F4}.Release|Any CPU.Build.0 = Release|Any CPU
		{73F09CB7-EBBB-4157-8826-870A5D7AFFC7}.Debug|Any CPU.ActiveCfg = Debug|Any CPU
		{73F09CB7-EBBB-4157-8826-870A5D7AFFC7}.Debug|Any CPU.Build.0 = Debug|Any CPU
		{73F09CB7-EBBB-4157-8826-870A5D7AFFC7}.Release|Any CPU.ActiveCfg = Release|Any CPU
		{73F09CB7-EBBB-4157-8826-870A5D7AFFC7}.Release|Any CPU.Build.0 = Release|Any CPU
		{00AE4EFC-E488-4099-96A5-2E22FEB35AE2}.Debug|Any CPU.ActiveCfg = Debug|Any CPU
		{00AE4EFC-E488-4099-96A5-2E22FEB35AE2}.Debug|Any CPU.Build.0 = Debug|Any CPU
		{00AE4EFC-E488-4099-96A5-2E22FEB35AE2}.Release|Any CPU.ActiveCfg = Release|Any CPU
		{00AE4EFC-E488-4099-96A5-2E22FEB35AE2}.Release|Any CPU.Build.0 = Release|Any CPU
		{3D48E451-2A09-45DB-B235-158B39CE43E1}.Debug|Any CPU.ActiveCfg = Debug|Any CPU
		{3D48E451-2A09-45DB-B235-158B39CE43E1}.Debug|Any CPU.Build.0 = Debug|Any CPU
		{3D48E451-2A09-45DB-B235-158B39CE43E1}.Release|Any CPU.ActiveCfg = Release|Any CPU
		{3D48E451-2A09-45DB-B235-158B39CE43E1}.Release|Any CPU.Build.0 = Release|Any CPU
	EndGlobalSection
	GlobalSection(SolutionProperties) = preSolution
		HideSolutionNode = FALSE
	EndGlobalSection
	GlobalSection(ExtensibilityGlobals) = postSolution
		SolutionGuid = {D3DA38F7-8827-4CA1-986D-843AD3512F24}
	EndGlobalSection
EndGlobal
